
Microsoft Visual Studio Solution File, Format Version 12.00
# Visual Studio Version 17
VisualStudioVersion = 17.9.34728.123
MinimumVisualStudioVersion = 10.0.40219.1
Project("{9A19103F-16F7-4668-BE54-9A1E7A4F7556}") = "currency-speller-api", "currency-speller-api.csproj", "{DBC29EA4-9375-490D-BC77-94DA8FA70EFF}"
EndProject
Global
	GlobalSection(SolutionConfigurationPlatforms) = preSolution
		Debug|Any CPU = Debug|Any CPU
		Release|Any CPU = Release|Any CPU
	EndGlobalSection
	GlobalSection(ProjectConfigurationPlatforms) = postSolution
		{DBC29EA4-9375-490D-BC77-94DA8FA70EFF}.Debug|Any CPU.ActiveCfg = Debug|Any CPU
		{DBC29EA4-9375-490D-BC77-94DA8FA70EFF}.Debug|Any CPU.Build.0 = Debug|Any CPU
		{DBC29EA4-9375-490D-BC77-94DA8FA70EFF}.Release|Any CPU.ActiveCfg = Release|Any CPU
		{DBC29EA4-9375-490D-BC77-94DA8FA70EFF}.Release|Any CPU.Build.0 = Release|Any CPU
	EndGlobalSection
	GlobalSection(SolutionProperties) = preSolution
		HideSolutionNode = FALSE
	EndGlobalSection
	GlobalSection(ExtensibilityGlobals) = postSolution
		SolutionGuid = {E8D4FF83-2903-4085-8A8F-7D2202C11931}
	EndGlobalSection
EndGlobal
